// !$*UTF8*$!
{
	archiveVersion = 1;
	classes = {
	};
	objectVersion = 55;
	objects = {

/* Begin PBXBuildFile section */
		014658B927CB77C50076ECDF /* AppDelegate.swift in Sources */ = {isa = PBXBuildFile; fileRef = 014658B827CB77C50076ECDF /* AppDelegate.swift */; };
		014658BB27CB77C50076ECDF /* SceneDelegate.swift in Sources */ = {isa = PBXBuildFile; fileRef = 014658BA27CB77C50076ECDF /* SceneDelegate.swift */; };
		014658BD27CB77C50076ECDF /* ViewController.swift in Sources */ = {isa = PBXBuildFile; fileRef = 014658BC27CB77C50076ECDF /* ViewController.swift */; };
		014658C027CB77C50076ECDF /* Main.storyboard in Resources */ = {isa = PBXBuildFile; fileRef = 014658BE27CB77C50076ECDF /* Main.storyboard */; };
		014658C327CB77C50076ECDF /* FarmhouseFavorites.xcdatamodeld in Sources */ = {isa = PBXBuildFile; fileRef = 014658C127CB77C50076ECDF /* FarmhouseFavorites.xcdatamodeld */; };
		014658C527CB77C60076ECDF /* Assets.xcassets in Resources */ = {isa = PBXBuildFile; fileRef = 014658C427CB77C60076ECDF /* Assets.xcassets */; };
		014658C827CB77C60076ECDF /* LaunchScreen.storyboard in Resources */ = {isa = PBXBuildFile; fileRef = 014658C627CB77C60076ECDF /* LaunchScreen.storyboard */; };
		014658D327CB77C60076ECDF /* FarmhouseFavoritesTests.swift in Sources */ = {isa = PBXBuildFile; fileRef = 014658D227CB77C60076ECDF /* FarmhouseFavoritesTests.swift */; };
		014658DD27CB77C60076ECDF /* FarmhouseFavoritesUITests.swift in Sources */ = {isa = PBXBuildFile; fileRef = 014658DC27CB77C60076ECDF /* FarmhouseFavoritesUITests.swift */; };
		014658DF27CB77C60076ECDF /* FarmhouseFavoritesUITestsLaunchTests.swift in Sources */ = {isa = PBXBuildFile; fileRef = 014658DE27CB77C60076ECDF /* FarmhouseFavoritesUITestsLaunchTests.swift */; };
		01F5D69127CBA51100E1CA0D /* MainTableViewController.swift in Sources */ = {isa = PBXBuildFile; fileRef = 01F5D69027CBA51100E1CA0D /* MainTableViewController.swift */; };
		01F5D69327CBC55D00E1CA0D /* MainTableViewCell.swift in Sources */ = {isa = PBXBuildFile; fileRef = 01F5D69227CBC55D00E1CA0D /* MainTableViewCell.swift */; };
		01F5D69827CBD71900E1CA0D /* LibreBaskerville-Italic.ttf in Resources */ = {isa = PBXBuildFile; fileRef = 01F5D69527CBCF4000E1CA0D /* LibreBaskerville-Italic.ttf */; };
		01F5D69927CBD71C00E1CA0D /* LibreBaskerville-Bold.ttf in Resources */ = {isa = PBXBuildFile; fileRef = 01F5D69627CBCF4000E1CA0D /* LibreBaskerville-Bold.ttf */; };
		01F5D69A27CBD71F00E1CA0D /* LibreBaskerville-Regular.ttf in Resources */ = {isa = PBXBuildFile; fileRef = 01F5D69727CBCF4000E1CA0D /* LibreBaskerville-Regular.ttf */; };
		01F5D69D27CBE24C00E1CA0D /* MainHeaderView.swift in Sources */ = {isa = PBXBuildFile; fileRef = 01F5D69C27CBE24C00E1CA0D /* MainHeaderView.swift */; };
		01F5D69F27CBE2DD00E1CA0D /* MainHeaderView.xib in Resources */ = {isa = PBXBuildFile; fileRef = 01F5D69E27CBE2DD00E1CA0D /* MainHeaderView.xib */; };
/* End PBXBuildFile section */

/* Begin PBXContainerItemProxy section */
		014658CF27CB77C60076ECDF /* PBXContainerItemProxy */ = {
			isa = PBXContainerItemProxy;
			containerPortal = 014658AD27CB77C50076ECDF /* Project object */;
			proxyType = 1;
			remoteGlobalIDString = 014658B427CB77C50076ECDF;
			remoteInfo = FarmhouseFavorites;
		};
		014658D927CB77C60076ECDF /* PBXContainerItemProxy */ = {
			isa = PBXContainerItemProxy;
			containerPortal = 014658AD27CB77C50076ECDF /* Project object */;
			proxyType = 1;
			remoteGlobalIDString = 014658B427CB77C50076ECDF;
			remoteInfo = FarmhouseFavorites;
		};
/* End PBXContainerItemProxy section */

/* Begin PBXFileReference section */
		014658B527CB77C50076ECDF /* FarmhouseFavorites.app */ = {isa = PBXFileReference; explicitFileType = wrapper.application; includeInIndex = 0; path = FarmhouseFavorites.app; sourceTree = BUILT_PRODUCTS_DIR; };
		014658B827CB77C50076ECDF /* AppDelegate.swift */ = {isa = PBXFileReference; lastKnownFileType = sourcecode.swift; path = AppDelegate.swift; sourceTree = "<group>"; };
		014658BA27CB77C50076ECDF /* SceneDelegate.swift */ = {isa = PBXFileReference; lastKnownFileType = sourcecode.swift; path = SceneDelegate.swift; sourceTree = "<group>"; };
		014658BC27CB77C50076ECDF /* ViewController.swift */ = {isa = PBXFileReference; lastKnownFileType = sourcecode.swift; path = ViewController.swift; sourceTree = "<group>"; };
		014658BF27CB77C50076ECDF /* Base */ = {isa = PBXFileReference; lastKnownFileType = file.storyboard; name = Base; path = Base.lproj/Main.storyboard; sourceTree = "<group>"; };
		014658C227CB77C50076ECDF /* FarmhouseFavorites.xcdatamodel */ = {isa = PBXFileReference; lastKnownFileType = wrapper.xcdatamodel; path = FarmhouseFavorites.xcdatamodel; sourceTree = "<group>"; };
		014658C427CB77C60076ECDF /* Assets.xcassets */ = {isa = PBXFileReference; lastKnownFileType = folder.assetcatalog; path = Assets.xcassets; sourceTree = "<group>"; };
		014658C727CB77C60076ECDF /* Base */ = {isa = PBXFileReference; lastKnownFileType = file.storyboard; name = Base; path = Base.lproj/LaunchScreen.storyboard; sourceTree = "<group>"; };
		014658C927CB77C60076ECDF /* Info.plist */ = {isa = PBXFileReference; lastKnownFileType = text.plist.xml; path = Info.plist; sourceTree = "<group>"; };
		014658CE27CB77C60076ECDF /* FarmhouseFavoritesTests.xctest */ = {isa = PBXFileReference; explicitFileType = wrapper.cfbundle; includeInIndex = 0; path = FarmhouseFavoritesTests.xctest; sourceTree = BUILT_PRODUCTS_DIR; };
		014658D227CB77C60076ECDF /* FarmhouseFavoritesTests.swift */ = {isa = PBXFileReference; lastKnownFileType = sourcecode.swift; path = FarmhouseFavoritesTests.swift; sourceTree = "<group>"; };
		014658D827CB77C60076ECDF /* FarmhouseFavoritesUITests.xctest */ = {isa = PBXFileReference; explicitFileType = wrapper.cfbundle; includeInIndex = 0; path = FarmhouseFavoritesUITests.xctest; sourceTree = BUILT_PRODUCTS_DIR; };
		014658DC27CB77C60076ECDF /* FarmhouseFavoritesUITests.swift */ = {isa = PBXFileReference; lastKnownFileType = sourcecode.swift; path = FarmhouseFavoritesUITests.swift; sourceTree = "<group>"; };
		014658DE27CB77C60076ECDF /* FarmhouseFavoritesUITestsLaunchTests.swift */ = {isa = PBXFileReference; lastKnownFileType = sourcecode.swift; path = FarmhouseFavoritesUITestsLaunchTests.swift; sourceTree = "<group>"; };
		01F5D69027CBA51100E1CA0D /* MainTableViewController.swift */ = {isa = PBXFileReference; lastKnownFileType = sourcecode.swift; path = MainTableViewController.swift; sourceTree = "<group>"; };
		01F5D69227CBC55D00E1CA0D /* MainTableViewCell.swift */ = {isa = PBXFileReference; lastKnownFileType = sourcecode.swift; path = MainTableViewCell.swift; sourceTree = "<group>"; };
		01F5D69527CBCF4000E1CA0D /* LibreBaskerville-Italic.ttf */ = {isa = PBXFileReference; lastKnownFileType = file; path = "LibreBaskerville-Italic.ttf"; sourceTree = "<group>"; };
		01F5D69627CBCF4000E1CA0D /* LibreBaskerville-Bold.ttf */ = {isa = PBXFileReference; lastKnownFileType = file; path = "LibreBaskerville-Bold.ttf"; sourceTree = "<group>"; };
		01F5D69727CBCF4000E1CA0D /* LibreBaskerville-Regular.ttf */ = {isa = PBXFileReference; lastKnownFileType = file; path = "LibreBaskerville-Regular.ttf"; sourceTree = "<group>"; };
		01F5D69C27CBE24C00E1CA0D /* MainHeaderView.swift */ = {isa = PBXFileReference; lastKnownFileType = sourcecode.swift; path = MainHeaderView.swift; sourceTree = "<group>"; };
		01F5D69E27CBE2DD00E1CA0D /* MainHeaderView.xib */ = {isa = PBXFileReference; lastKnownFileType = file.xib; path = MainHeaderView.xib; sourceTree = "<group>"; };
/* End PBXFileReference section */

/* Begin PBXFrameworksBuildPhase section */
		014658B227CB77C50076ECDF /* Frameworks */ = {
			isa = PBXFrameworksBuildPhase;
			buildActionMask = 2147483647;
			files = (
			);
			runOnlyForDeploymentPostprocessing = 0;
		};
		014658CB27CB77C60076ECDF /* Frameworks */ = {
			isa = PBXFrameworksBuildPhase;
			buildActionMask = 2147483647;
			files = (
			);
			runOnlyForDeploymentPostprocessing = 0;
		};
		014658D527CB77C60076ECDF /* Frameworks */ = {
			isa = PBXFrameworksBuildPhase;
			buildActionMask = 2147483647;
			files = (
			);
			runOnlyForDeploymentPostprocessing = 0;
		};
/* End PBXFrameworksBuildPhase section */

/* Begin PBXGroup section */
		014658AC27CB77C50076ECDF = {
			isa = PBXGroup;
			children = (
				014658B727CB77C50076ECDF /* FarmhouseFavorites */,
				014658D127CB77C60076ECDF /* FarmhouseFavoritesTests */,
				014658DB27CB77C60076ECDF /* FarmhouseFavoritesUITests */,
				014658B627CB77C50076ECDF /* Products */,
			);
			sourceTree = "<group>";
		};
		014658B627CB77C50076ECDF /* Products */ = {
			isa = PBXGroup;
			children = (
				014658B527CB77C50076ECDF /* FarmhouseFavorites.app */,
				014658CE27CB77C60076ECDF /* FarmhouseFavoritesTests.xctest */,
				014658D827CB77C60076ECDF /* FarmhouseFavoritesUITests.xctest */,
			);
			name = Products;
			sourceTree = "<group>";
		};
		014658B727CB77C50076ECDF /* FarmhouseFavorites */ = {
			isa = PBXGroup;
			children = (
				01F5D69427CBCF0E00E1CA0D /* Fonts */,
				01F5D68F27CBA4F200E1CA0D /* View Controllers */,
				014658B827CB77C50076ECDF /* AppDelegate.swift */,
				014658BA27CB77C50076ECDF /* SceneDelegate.swift */,
				014658BC27CB77C50076ECDF /* ViewController.swift */,
				014658BE27CB77C50076ECDF /* Main.storyboard */,
				014658C427CB77C60076ECDF /* Assets.xcassets */,
				014658C627CB77C60076ECDF /* LaunchScreen.storyboard */,
				014658C927CB77C60076ECDF /* Info.plist */,
				014658C127CB77C50076ECDF /* FarmhouseFavorites.xcdatamodeld */,
			);
			path = FarmhouseFavorites;
			sourceTree = "<group>";
		};
		014658D127CB77C60076ECDF /* FarmhouseFavoritesTests */ = {
			isa = PBXGroup;
			children = (
				014658D227CB77C60076ECDF /* FarmhouseFavoritesTests.swift */,
			);
			path = FarmhouseFavoritesTests;
			sourceTree = "<group>";
		};
		014658DB27CB77C60076ECDF /* FarmhouseFavoritesUITests */ = {
			isa = PBXGroup;
			children = (
				014658DC27CB77C60076ECDF /* FarmhouseFavoritesUITests.swift */,
				014658DE27CB77C60076ECDF /* FarmhouseFavoritesUITestsLaunchTests.swift */,
			);
			path = FarmhouseFavoritesUITests;
			sourceTree = "<group>";
		};
		01F5D68F27CBA4F200E1CA0D /* View Controllers */ = {
			isa = PBXGroup;
			children = (
				01F5D69B27CBE22D00E1CA0D /* Main */,
			);
			path = "View Controllers";
			sourceTree = "<group>";
		};
		01F5D69427CBCF0E00E1CA0D /* Fonts */ = {
			isa = PBXGroup;
			children = (
				01F5D69627CBCF4000E1CA0D /* LibreBaskerville-Bold.ttf */,
				01F5D69527CBCF4000E1CA0D /* LibreBaskerville-Italic.ttf */,
				01F5D69727CBCF4000E1CA0D /* LibreBaskerville-Regular.ttf */,
			);
			path = Fonts;
			sourceTree = "<group>";
		};
		01F5D69B27CBE22D00E1CA0D /* Main */ = {
			isa = PBXGroup;
			children = (
				01F5D69027CBA51100E1CA0D /* MainTableViewController.swift */,
				01F5D69227CBC55D00E1CA0D /* MainTableViewCell.swift */,
				01F5D69C27CBE24C00E1CA0D /* MainHeaderView.swift */,
				01F5D69E27CBE2DD00E1CA0D /* MainHeaderView.xib */,
			);
			path = Main;
			sourceTree = "<group>";
		};
/* End PBXGroup section */

/* Begin PBXNativeTarget section */
		014658B427CB77C50076ECDF /* FarmhouseFavorites */ = {
			isa = PBXNativeTarget;
			buildConfigurationList = 014658E227CB77C60076ECDF /* Build configuration list for PBXNativeTarget "FarmhouseFavorites" */;
			buildPhases = (
				014658B127CB77C50076ECDF /* Sources */,
				014658B227CB77C50076ECDF /* Frameworks */,
				014658B327CB77C50076ECDF /* Resources */,
			);
			buildRules = (
			);
			dependencies = (
			);
			name = FarmhouseFavorites;
			productName = FarmhouseFavorites;
			productReference = 014658B527CB77C50076ECDF /* FarmhouseFavorites.app */;
			productType = "com.apple.product-type.application";
		};
		014658CD27CB77C60076ECDF /* FarmhouseFavoritesTests */ = {
			isa = PBXNativeTarget;
			buildConfigurationList = 014658E527CB77C60076ECDF /* Build configuration list for PBXNativeTarget "FarmhouseFavoritesTests" */;
			buildPhases = (
				014658CA27CB77C60076ECDF /* Sources */,
				014658CB27CB77C60076ECDF /* Frameworks */,
				014658CC27CB77C60076ECDF /* Resources */,
			);
			buildRules = (
			);
			dependencies = (
				014658D027CB77C60076ECDF /* PBXTargetDependency */,
			);
			name = FarmhouseFavoritesTests;
			productName = FarmhouseFavoritesTests;
			productReference = 014658CE27CB77C60076ECDF /* FarmhouseFavoritesTests.xctest */;
			productType = "com.apple.product-type.bundle.unit-test";
		};
		014658D727CB77C60076ECDF /* FarmhouseFavoritesUITests */ = {
			isa = PBXNativeTarget;
			buildConfigurationList = 014658E827CB77C60076ECDF /* Build configuration list for PBXNativeTarget "FarmhouseFavoritesUITests" */;
			buildPhases = (
				014658D427CB77C60076ECDF /* Sources */,
				014658D527CB77C60076ECDF /* Frameworks */,
				014658D627CB77C60076ECDF /* Resources */,
			);
			buildRules = (
			);
			dependencies = (
				014658DA27CB77C60076ECDF /* PBXTargetDependency */,
			);
			name = FarmhouseFavoritesUITests;
			productName = FarmhouseFavoritesUITests;
			productReference = 014658D827CB77C60076ECDF /* FarmhouseFavoritesUITests.xctest */;
			productType = "com.apple.product-type.bundle.ui-testing";
		};
/* End PBXNativeTarget section */

/* Begin PBXProject section */
		014658AD27CB77C50076ECDF /* Project object */ = {
			isa = PBXProject;
			attributes = {
				BuildIndependentTargetsInParallel = 1;
				LastSwiftUpdateCheck = 1320;
				LastUpgradeCheck = 1320;
				TargetAttributes = {
					014658B427CB77C50076ECDF = {
						CreatedOnToolsVersion = 13.2.1;
					};
					014658CD27CB77C60076ECDF = {
						CreatedOnToolsVersion = 13.2.1;
						TestTargetID = 014658B427CB77C50076ECDF;
					};
					014658D727CB77C60076ECDF = {
						CreatedOnToolsVersion = 13.2.1;
						TestTargetID = 014658B427CB77C50076ECDF;
					};
				};
			};
			buildConfigurationList = 014658B027CB77C50076ECDF /* Build configuration list for PBXProject "FarmhouseFavorites" */;
			compatibilityVersion = "Xcode 13.0";
			developmentRegion = en;
			hasScannedForEncodings = 0;
			knownRegions = (
				en,
				Base,
			);
			mainGroup = 014658AC27CB77C50076ECDF;
			productRefGroup = 014658B627CB77C50076ECDF /* Products */;
			projectDirPath = "";
			projectRoot = "";
			targets = (
				014658B427CB77C50076ECDF /* FarmhouseFavorites */,
				014658CD27CB77C60076ECDF /* FarmhouseFavoritesTests */,
				014658D727CB77C60076ECDF /* FarmhouseFavoritesUITests */,
			);
		};
/* End PBXProject section */

/* Begin PBXResourcesBuildPhase section */
		014658B327CB77C50076ECDF /* Resources */ = {
			isa = PBXResourcesBuildPhase;
			buildActionMask = 2147483647;
			files = (
				01F5D69827CBD71900E1CA0D /* LibreBaskerville-Italic.ttf in Resources */,
				014658C827CB77C60076ECDF /* LaunchScreen.storyboard in Resources */,
				014658C527CB77C60076ECDF /* Assets.xcassets in Resources */,
				01F5D69A27CBD71F00E1CA0D /* LibreBaskerville-Regular.ttf in Resources */,
				014658C027CB77C50076ECDF /* Main.storyboard in Resources */,
				01F5D69927CBD71C00E1CA0D /* LibreBaskerville-Bold.ttf in Resources */,
				01F5D69F27CBE2DD00E1CA0D /* MainHeaderView.xib in Resources */,
			);
			runOnlyForDeploymentPostprocessing = 0;
		};
		014658CC27CB77C60076ECDF /* Resources */ = {
			isa = PBXResourcesBuildPhase;
			buildActionMask = 2147483647;
			files = (
			);
			runOnlyForDeploymentPostprocessing = 0;
		};
		014658D627CB77C60076ECDF /* Resources */ = {
			isa = PBXResourcesBuildPhase;
			buildActionMask = 2147483647;
			files = (
			);
			runOnlyForDeploymentPostprocessing = 0;
		};
/* End PBXResourcesBuildPhase section */

/* Begin PBXSourcesBuildPhase section */
		014658B127CB77C50076ECDF /* Sources */ = {
			isa = PBXSourcesBuildPhase;
			buildActionMask = 2147483647;
			files = (
				014658C327CB77C50076ECDF /* FarmhouseFavorites.xcdatamodeld in Sources */,
				014658BD27CB77C50076ECDF /* ViewController.swift in Sources */,
				01F5D69D27CBE24C00E1CA0D /* MainHeaderView.swift in Sources */,
				014658B927CB77C50076ECDF /* AppDelegate.swift in Sources */,
				01F5D69127CBA51100E1CA0D /* MainTableViewController.swift in Sources */,
				01F5D69327CBC55D00E1CA0D /* MainTableViewCell.swift in Sources */,
				014658BB27CB77C50076ECDF /* SceneDelegate.swift in Sources */,
			);
			runOnlyForDeploymentPostprocessing = 0;
		};
		014658CA27CB77C60076ECDF /* Sources */ = {
			isa = PBXSourcesBuildPhase;
			buildActionMask = 2147483647;
			files = (
				014658D327CB77C60076ECDF /* FarmhouseFavoritesTests.swift in Sources */,
			);
			runOnlyForDeploymentPostprocessing = 0;
		};
		014658D427CB77C60076ECDF /* Sources */ = {
			isa = PBXSourcesBuildPhase;
			buildActionMask = 2147483647;
			files = (
				014658DD27CB77C60076ECDF /* FarmhouseFavoritesUITests.swift in Sources */,
				014658DF27CB77C60076ECDF /* FarmhouseFavoritesUITestsLaunchTests.swift in Sources */,
			);
			runOnlyForDeploymentPostprocessing = 0;
		};
/* End PBXSourcesBuildPhase section */

/* Begin PBXTargetDependency section */
		014658D027CB77C60076ECDF /* PBXTargetDependency */ = {
			isa = PBXTargetDependency;
			target = 014658B427CB77C50076ECDF /* FarmhouseFavorites */;
			targetProxy = 014658CF27CB77C60076ECDF /* PBXContainerItemProxy */;
		};
		014658DA27CB77C60076ECDF /* PBXTargetDependency */ = {
			isa = PBXTargetDependency;
			target = 014658B427CB77C50076ECDF /* FarmhouseFavorites */;
			targetProxy = 014658D927CB77C60076ECDF /* PBXContainerItemProxy */;
		};
/* End PBXTargetDependency section */

/* Begin PBXVariantGroup section */
		014658BE27CB77C50076ECDF /* Main.storyboard */ = {
			isa = PBXVariantGroup;
			children = (
				014658BF27CB77C50076ECDF /* Base */,
			);
			name = Main.storyboard;
			sourceTree = "<group>";
		};
		014658C627CB77C60076ECDF /* LaunchScreen.storyboard */ = {
			isa = PBXVariantGroup;
			children = (
				014658C727CB77C60076ECDF /* Base */,
			);
			name = LaunchScreen.storyboard;
			sourceTree = "<group>";
		};
/* End PBXVariantGroup section */

/* Begin XCBuildConfiguration section */
		014658E027CB77C60076ECDF /* Debug */ = {
			isa = XCBuildConfiguration;
			buildSettings = {
				ALWAYS_SEARCH_USER_PATHS = NO;
				CLANG_ANALYZER_NONNULL = YES;
				CLANG_ANALYZER_NUMBER_OBJECT_CONVERSION = YES_AGGRESSIVE;
				CLANG_CXX_LANGUAGE_STANDARD = "gnu++17";
				CLANG_CXX_LIBRARY = "libc++";
				CLANG_ENABLE_MODULES = YES;
				CLANG_ENABLE_OBJC_ARC = YES;
				CLANG_ENABLE_OBJC_WEAK = YES;
				CLANG_WARN_BLOCK_CAPTURE_AUTORELEASING = YES;
				CLANG_WARN_BOOL_CONVERSION = YES;
				CLANG_WARN_COMMA = YES;
				CLANG_WARN_CONSTANT_CONVERSION = YES;
				CLANG_WARN_DEPRECATED_OBJC_IMPLEMENTATIONS = YES;
				CLANG_WARN_DIRECT_OBJC_ISA_USAGE = YES_ERROR;
				CLANG_WARN_DOCUMENTATION_COMMENTS = YES;
				CLANG_WARN_EMPTY_BODY = YES;
				CLANG_WARN_ENUM_CONVERSION = YES;
				CLANG_WARN_INFINITE_RECURSION = YES;
				CLANG_WARN_INT_CONVERSION = YES;
				CLANG_WARN_NON_LITERAL_NULL_CONVERSION = YES;
				CLANG_WARN_OBJC_IMPLICIT_RETAIN_SELF = YES;
				CLANG_WARN_OBJC_LITERAL_CONVERSION = YES;
				CLANG_WARN_OBJC_ROOT_CLASS = YES_ERROR;
				CLANG_WARN_QUOTED_INCLUDE_IN_FRAMEWORK_HEADER = YES;
				CLANG_WARN_RANGE_LOOP_ANALYSIS = YES;
				CLANG_WARN_STRICT_PROTOTYPES = YES;
				CLANG_WARN_SUSPICIOUS_MOVE = YES;
				CLANG_WARN_UNGUARDED_AVAILABILITY = YES_AGGRESSIVE;
				CLANG_WARN_UNREACHABLE_CODE = YES;
				CLANG_WARN__DUPLICATE_METHOD_MATCH = YES;
				COPY_PHASE_STRIP = NO;
				DEBUG_INFORMATION_FORMAT = dwarf;
				ENABLE_STRICT_OBJC_MSGSEND = YES;
				ENABLE_TESTABILITY = YES;
				GCC_C_LANGUAGE_STANDARD = gnu11;
				GCC_DYNAMIC_NO_PIC = NO;
				GCC_NO_COMMON_BLOCKS = YES;
				GCC_OPTIMIZATION_LEVEL = 0;
				GCC_PREPROCESSOR_DEFINITIONS = (
					"DEBUG=1",
					"$(inherited)",
				);
				GCC_WARN_64_TO_32_BIT_CONVERSION = YES;
				GCC_WARN_ABOUT_RETURN_TYPE = YES_ERROR;
				GCC_WARN_UNDECLARED_SELECTOR = YES;
				GCC_WARN_UNINITIALIZED_AUTOS = YES_AGGRESSIVE;
				GCC_WARN_UNUSED_FUNCTION = YES;
				GCC_WARN_UNUSED_VARIABLE = YES;
				IPHONEOS_DEPLOYMENT_TARGET = 15.2;
				MTL_ENABLE_DEBUG_INFO = INCLUDE_SOURCE;
				MTL_FAST_MATH = YES;
				ONLY_ACTIVE_ARCH = YES;
				SDKROOT = iphoneos;
				SWIFT_ACTIVE_COMPILATION_CONDITIONS = DEBUG;
				SWIFT_OPTIMIZATION_LEVEL = "-Onone";
			};
			name = Debug;
		};
		014658E127CB77C60076ECDF /* Release */ = {
			isa = XCBuildConfiguration;
			buildSettings = {
				ALWAYS_SEARCH_USER_PATHS = NO;
				CLANG_ANALYZER_NONNULL = YES;
				CLANG_ANALYZER_NUMBER_OBJECT_CONVERSION = YES_AGGRESSIVE;
				CLANG_CXX_LANGUAGE_STANDARD = "gnu++17";
				CLANG_CXX_LIBRARY = "libc++";
				CLANG_ENABLE_MODULES = YES;
				CLANG_ENABLE_OBJC_ARC = YES;
				CLANG_ENABLE_OBJC_WEAK = YES;
				CLANG_WARN_BLOCK_CAPTURE_AUTORELEASING = YES;
				CLANG_WARN_BOOL_CONVERSION = YES;
				CLANG_WARN_COMMA = YES;
				CLANG_WARN_CONSTANT_CONVERSION = YES;
				CLANG_WARN_DEPRECATED_OBJC_IMPLEMENTATIONS = YES;
				CLANG_WARN_DIRECT_OBJC_ISA_USAGE = YES_ERROR;
				CLANG_WARN_DOCUMENTATION_COMMENTS = YES;
				CLANG_WARN_EMPTY_BODY = YES;
				CLANG_WARN_ENUM_CONVERSION = YES;
				CLANG_WARN_INFINITE_RECURSION = YES;
				CLANG_WARN_INT_CONVERSION = YES;
				CLANG_WARN_NON_LITERAL_NULL_CONVERSION = YES;
				CLANG_WARN_OBJC_IMPLICIT_RETAIN_SELF = YES;
				CLANG_WARN_OBJC_LITERAL_CONVERSION = YES;
				CLANG_WARN_OBJC_ROOT_CLASS = YES_ERROR;
				CLANG_WARN_QUOTED_INCLUDE_IN_FRAMEWORK_HEADER = YES;
				CLANG_WARN_RANGE_LOOP_ANALYSIS = YES;
				CLANG_WARN_STRICT_PROTOTYPES = YES;
				CLANG_WARN_SUSPICIOUS_MOVE = YES;
				CLANG_WARN_UNGUARDED_AVAILABILITY = YES_AGGRESSIVE;
				CLANG_WARN_UNREACHABLE_CODE = YES;
				CLANG_WARN__DUPLICATE_METHOD_MATCH = YES;
				COPY_PHASE_STRIP = NO;
				DEBUG_INFORMATION_FORMAT = "dwarf-with-dsym";
				ENABLE_NS_ASSERTIONS = NO;
				ENABLE_STRICT_OBJC_MSGSEND = YES;
				GCC_C_LANGUAGE_STANDARD = gnu11;
				GCC_NO_COMMON_BLOCKS = YES;
				GCC_WARN_64_TO_32_BIT_CONVERSION = YES;
				GCC_WARN_ABOUT_RETURN_TYPE = YES_ERROR;
				GCC_WARN_UNDECLARED_SELECTOR = YES;
				GCC_WARN_UNINITIALIZED_AUTOS = YES_AGGRESSIVE;
				GCC_WARN_UNUSED_FUNCTION = YES;
				GCC_WARN_UNUSED_VARIABLE = YES;
				IPHONEOS_DEPLOYMENT_TARGET = 15.2;
				MTL_ENABLE_DEBUG_INFO = NO;
				MTL_FAST_MATH = YES;
				SDKROOT = iphoneos;
				SWIFT_COMPILATION_MODE = wholemodule;
				SWIFT_OPTIMIZATION_LEVEL = "-O";
				VALIDATE_PRODUCT = YES;
			};
			name = Release;
		};
		014658E327CB77C60076ECDF /* Debug */ = {
			isa = XCBuildConfiguration;
			buildSettings = {
				ASSETCATALOG_COMPILER_APPICON_NAME = AppIcon;
				ASSETCATALOG_COMPILER_GLOBAL_ACCENT_COLOR_NAME = AccentColor;
				CODE_SIGN_IDENTITY = "Apple Development";
				CODE_SIGN_STYLE = Automatic;
				CURRENT_PROJECT_VERSION = 1;
				DEVELOPMENT_TEAM = KCL29RH4A8;
				GENERATE_INFOPLIST_FILE = YES;
				INFOPLIST_FILE = FarmhouseFavorites/Info.plist;
				INFOPLIST_KEY_UIApplicationSupportsIndirectInputEvents = YES;
				INFOPLIST_KEY_UILaunchStoryboardName = LaunchScreen;
				INFOPLIST_KEY_UIMainStoryboardFile = Main;
				INFOPLIST_KEY_UISupportedInterfaceOrientations_iPad = "UIInterfaceOrientationPortrait UIInterfaceOrientationPortraitUpsideDown UIInterfaceOrientationLandscapeLeft UIInterfaceOrientationLandscapeRight";
				INFOPLIST_KEY_UISupportedInterfaceOrientations_iPhone = "UIInterfaceOrientationPortrait UIInterfaceOrientationLandscapeLeft UIInterfaceOrientationLandscapeRight";
				LD_RUNPATH_SEARCH_PATHS = (
					"$(inherited)",
					"@executable_path/Frameworks",
				);
				MARKETING_VERSION = 1.0;
				PRODUCT_BUNDLE_IDENTIFIER = org.bitwyze.FarmhouseFaves;
				PRODUCT_NAME = "$(TARGET_NAME)";
				PROVISIONING_PROFILE_SPECIFIER = "";
				SWIFT_EMIT_LOC_STRINGS = YES;
				SWIFT_VERSION = 5.0;
				TARGETED_DEVICE_FAMILY = "1,2";
			};
			name = Debug;
		};
		014658E427CB77C60076ECDF /* Release */ = {
			isa = XCBuildConfiguration;
			buildSettings = {
				ASSETCATALOG_COMPILER_APPICON_NAME = AppIcon;
				ASSETCATALOG_COMPILER_GLOBAL_ACCENT_COLOR_NAME = AccentColor;
				CODE_SIGN_IDENTITY = "Apple Development";
				CODE_SIGN_STYLE = Automatic;
				CURRENT_PROJECT_VERSION = 1;
				DEVELOPMENT_TEAM = KCL29RH4A8;
				GENERATE_INFOPLIST_FILE = YES;
				INFOPLIST_FILE = FarmhouseFavorites/Info.plist;
				INFOPLIST_KEY_UIApplicationSupportsIndirectInputEvents = YES;
				INFOPLIST_KEY_UILaunchStoryboardName = LaunchScreen;
				INFOPLIST_KEY_UIMainStoryboardFile = Main;
				INFOPLIST_KEY_UISupportedInterfaceOrientations_iPad = "UIInterfaceOrientationPortrait UIInterfaceOrientationPortraitUpsideDown UIInterfaceOrientationLandscapeLeft UIInterfaceOrientationLandscapeRight";
				INFOPLIST_KEY_UISupportedInterfaceOrientations_iPhone = "UIInterfaceOrientationPortrait UIInterfaceOrientationLandscapeLeft UIInterfaceOrientationLandscapeRight";
				LD_RUNPATH_SEARCH_PATHS = (
					"$(inherited)",
					"@executable_path/Frameworks",
				);
				MARKETING_VERSION = 1.0;
				PRODUCT_BUNDLE_IDENTIFIER = org.bitwyze.FarmhouseFaves;
				PRODUCT_NAME = "$(TARGET_NAME)";
				PROVISIONING_PROFILE_SPECIFIER = "";
				SWIFT_EMIT_LOC_STRINGS = YES;
				SWIFT_VERSION = 5.0;
				TARGETED_DEVICE_FAMILY = "1,2";
			};
			name = Release;
		};
		014658E627CB77C60076ECDF /* Debug */ = {
			isa = XCBuildConfiguration;
			buildSettings = {
				ALWAYS_EMBED_SWIFT_STANDARD_LIBRARIES = YES;
				BUNDLE_LOADER = "$(TEST_HOST)";
				CODE_SIGN_STYLE = Automatic;
				CURRENT_PROJECT_VERSION = 1;
				DEVELOPMENT_TEAM = GX77HU5247;
				GENERATE_INFOPLIST_FILE = YES;
				IPHONEOS_DEPLOYMENT_TARGET = 15.2;
				MARKETING_VERSION = 1.0;
				PRODUCT_BUNDLE_IDENTIFIER = org.bitwyze.FarmhouseFavoritesTests;
				PRODUCT_NAME = "$(TARGET_NAME)";
				SWIFT_EMIT_LOC_STRINGS = NO;
				SWIFT_VERSION = 5.0;
				TARGETED_DEVICE_FAMILY = "1,2";
				TEST_HOST = "$(BUILT_PRODUCTS_DIR)/FarmhouseFavorites.app/FarmhouseFavorites";
			};
			name = Debug;
		};
		014658E727CB77C60076ECDF /* Release */ = {
			isa = XCBuildConfiguration;
			buildSettings = {
				ALWAYS_EMBED_SWIFT_STANDARD_LIBRARIES = YES;
				BUNDLE_LOADER = "$(TEST_HOST)";
				CODE_SIGN_STYLE = Automatic;
				CURRENT_PROJECT_VERSION = 1;
				DEVELOPMENT_TEAM = GX77HU5247;
				GENERATE_INFOPLIST_FILE = YES;
				IPHONEOS_DEPLOYMENT_TARGET = 15.2;
				MARKETING_VERSION = 1.0;
				PRODUCT_BUNDLE_IDENTIFIER = org.bitwyze.FarmhouseFavoritesTests;
				PRODUCT_NAME = "$(TARGET_NAME)";
				SWIFT_EMIT_LOC_STRINGS = NO;
				SWIFT_VERSION = 5.0;
				TARGETED_DEVICE_FAMILY = "1,2";
				TEST_HOST = "$(BUILT_PRODUCTS_DIR)/FarmhouseFavorites.app/FarmhouseFavorites";
			};
			name = Release;
		};
		014658E927CB77C60076ECDF /* Debug */ = {
			isa = XCBuildConfiguration;
			buildSettings = {
				ALWAYS_EMBED_SWIFT_STANDARD_LIBRARIES = YES;
				CODE_SIGN_STYLE = Automatic;
				CURRENT_PROJECT_VERSION = 1;
				DEVELOPMENT_TEAM = GX77HU5247;
				GENERATE_INFOPLIST_FILE = YES;
				MARKETING_VERSION = 1.0;
				PRODUCT_BUNDLE_IDENTIFIER = org.bitwyze.FarmhouseFavoritesUITests;
				PRODUCT_NAME = "$(TARGET_NAME)";
				SWIFT_EMIT_LOC_STRINGS = NO;
				SWIFT_VERSION = 5.0;
				TARGETED_DEVICE_FAMILY = "1,2";
				TEST_TARGET_NAME = FarmhouseFavorites;
			};
			name = Debug;
		};
		014658EA27CB77C60076ECDF /* Release */ = {
			isa = XCBuildConfiguration;
			buildSettings = {
				ALWAYS_EMBED_SWIFT_STANDARD_LIBRARIES = YES;
				CODE_SIGN_STYLE = Automatic;
				CURRENT_PROJECT_VERSION = 1;
				DEVELOPMENT_TEAM = GX77HU5247;
				GENERATE_INFOPLIST_FILE = YES;
				MARKETING_VERSION = 1.0;
				PRODUCT_BUNDLE_IDENTIFIER = org.bitwyze.FarmhouseFavoritesUITests;
				PRODUCT_NAME = "$(TARGET_NAME)";
				SWIFT_EMIT_LOC_STRINGS = NO;
				SWIFT_VERSION = 5.0;
				TARGETED_DEVICE_FAMILY = "1,2";
				TEST_TARGET_NAME = FarmhouseFavorites;
			};
			name = Release;
		};
/* End XCBuildConfiguration section */

/* Begin XCConfigurationList section */
		014658B027CB77C50076ECDF /* Build configuration list for PBXProject "FarmhouseFavorites" */ = {
			isa = XCConfigurationList;
			buildConfigurations = (
				014658E027CB77C60076ECDF /* Debug */,
				014658E127CB77C60076ECDF /* Release */,
			);
			defaultConfigurationIsVisible = 0;
			defaultConfigurationName = Release;
		};
		014658E227CB77C60076ECDF /* Build configuration list for PBXNativeTarget "FarmhouseFavorites" */ = {
			isa = XCConfigurationList;
			buildConfigurations = (
				014658E327CB77C60076ECDF /* Debug */,
				014658E427CB77C60076ECDF /* Release */,
			);
			defaultConfigurationIsVisible = 0;
			defaultConfigurationName = Release;
		};
		014658E527CB77C60076ECDF /* Build configuration list for PBXNativeTarget "FarmhouseFavoritesTests" */ = {
			isa = XCConfigurationList;
			buildConfigurations = (
				014658E627CB77C60076ECDF /* Debug */,
				014658E727CB77C60076ECDF /* Release */,
			);
			defaultConfigurationIsVisible = 0;
			defaultConfigurationName = Release;
		};
		014658E827CB77C60076ECDF /* Build configuration list for PBXNativeTarget "FarmhouseFavoritesUITests" */ = {
			isa = XCConfigurationList;
			buildConfigurations = (
				014658E927CB77C60076ECDF /* Debug */,
				014658EA27CB77C60076ECDF /* Release */,
			);
			defaultConfigurationIsVisible = 0;
			defaultConfigurationName = Release;
		};
/* End XCConfigurationList section */

/* Begin XCVersionGroup section */
		014658C127CB77C50076ECDF /* FarmhouseFavorites.xcdatamodeld */ = {
			isa = XCVersionGroup;
			children = (
				014658C227CB77C50076ECDF /* FarmhouseFavorites.xcdatamodel */,
			);
			currentVersion = 014658C227CB77C50076ECDF /* FarmhouseFavorites.xcdatamodel */;
			path = FarmhouseFavorites.xcdatamodeld;
			sourceTree = "<group>";
			versionGroupType = wrapper.xcdatamodel;
		};
/* End XCVersionGroup section */
	};
	rootObject = 014658AD27CB77C50076ECDF /* Project object */;
}
