// !$*UTF8*$!
{
	archiveVersion = 1;
	classes = {
	};
	objectVersion = 55;
	objects = {

/* Begin PBXBuildFile section */
		0123D65827D4D79C00D574BE /* DetailInfoTableViewCell.swift in Sources */ = {isa = PBXBuildFile; fileRef = 0123D65627D4D79C00D574BE /* DetailInfoTableViewCell.swift */; };
		0123D65927D4D79C00D574BE /* DetailInfoTableViewCell.xib in Resources */ = {isa = PBXBuildFile; fileRef = 0123D65727D4D79C00D574BE /* DetailInfoTableViewCell.xib */; };
		0123D66327D505E900D574BE /* MenuTableViewController.swift in Sources */ = {isa = PBXBuildFile; fileRef = 0123D66227D505E900D574BE /* MenuTableViewController.swift */; };
		0123D66527D5073300D574BE /* MenuTableViewCell.swift in Sources */ = {isa = PBXBuildFile; fileRef = 0123D66427D5073300D574BE /* MenuTableViewCell.swift */; };
		0123D66727D50FF600D574BE /* UIStackView+.swift in Sources */ = {isa = PBXBuildFile; fileRef = 0123D66627D50FF600D574BE /* UIStackView+.swift */; };
		014658B927CB77C50076ECDF /* AppDelegate.swift in Sources */ = {isa = PBXBuildFile; fileRef = 014658B827CB77C50076ECDF /* AppDelegate.swift */; };
		014658BB27CB77C50076ECDF /* SceneDelegate.swift in Sources */ = {isa = PBXBuildFile; fileRef = 014658BA27CB77C50076ECDF /* SceneDelegate.swift */; };
		014658C027CB77C50076ECDF /* Main.storyboard in Resources */ = {isa = PBXBuildFile; fileRef = 014658BE27CB77C50076ECDF /* Main.storyboard */; };
		014658C327CB77C50076ECDF /* FarmhouseFavorites.xcdatamodeld in Sources */ = {isa = PBXBuildFile; fileRef = 014658C127CB77C50076ECDF /* FarmhouseFavorites.xcdatamodeld */; };
		014658C527CB77C60076ECDF /* Assets.xcassets in Resources */ = {isa = PBXBuildFile; fileRef = 014658C427CB77C60076ECDF /* Assets.xcassets */; };
		014658C827CB77C60076ECDF /* LaunchScreen.storyboard in Resources */ = {isa = PBXBuildFile; fileRef = 014658C627CB77C60076ECDF /* LaunchScreen.storyboard */; };
		014658D327CB77C60076ECDF /* FarmhouseFavoritesTests.swift in Sources */ = {isa = PBXBuildFile; fileRef = 014658D227CB77C60076ECDF /* FarmhouseFavoritesTests.swift */; };
		014658DD27CB77C60076ECDF /* FarmhouseFavoritesUITests.swift in Sources */ = {isa = PBXBuildFile; fileRef = 014658DC27CB77C60076ECDF /* FarmhouseFavoritesUITests.swift */; };
		014658DF27CB77C60076ECDF /* FarmhouseFavoritesUITestsLaunchTests.swift in Sources */ = {isa = PBXBuildFile; fileRef = 014658DE27CB77C60076ECDF /* FarmhouseFavoritesUITestsLaunchTests.swift */; };
		0158E5CD27CFEC4300748725 /* UnitDetailTableViewController.swift in Sources */ = {isa = PBXBuildFile; fileRef = 0158E5CC27CFEC4300748725 /* UnitDetailTableViewController.swift */; };
		016FD0CB27D52818008A921B /* ReserveViewController.swift in Sources */ = {isa = PBXBuildFile; fileRef = 016FD0CA27D52818008A921B /* ReserveViewController.swift */; };
		0170360227D0BFC600573664 /* UITableView+.swift in Sources */ = {isa = PBXBuildFile; fileRef = 0170360127D0BFC600573664 /* UITableView+.swift */; };
		0170360927D0C0D200573664 /* DetailHeaderTableViewCell.swift in Sources */ = {isa = PBXBuildFile; fileRef = 0170360727D0C0D200573664 /* DetailHeaderTableViewCell.swift */; };
		0170360A27D0C0D200573664 /* DetailHeaderTableViewCell.xib in Resources */ = {isa = PBXBuildFile; fileRef = 0170360827D0C0D200573664 /* DetailHeaderTableViewCell.xib */; };
		0170360D27D0C8CD00573664 /* DetailTopImagesTableViewCell.swift in Sources */ = {isa = PBXBuildFile; fileRef = 0170360B27D0C8CD00573664 /* DetailTopImagesTableViewCell.swift */; };
		0170360E27D0C8CD00573664 /* DetailTopImagesTableViewCell.xib in Resources */ = {isa = PBXBuildFile; fileRef = 0170360C27D0C8CD00573664 /* DetailTopImagesTableViewCell.xib */; };
		0180BDDD27DA59A7004B161E /* SecondImageTableViewCell.swift in Sources */ = {isa = PBXBuildFile; fileRef = 0180BDDB27DA59A7004B161E /* SecondImageTableViewCell.swift */; };
		0180BDDE27DA59A7004B161E /* SecondImageTableViewCell.xib in Resources */ = {isa = PBXBuildFile; fileRef = 0180BDDC27DA59A7004B161E /* SecondImageTableViewCell.xib */; };
		0180BDE127DA5DD3004B161E /* CheckInTableViewCell.swift in Sources */ = {isa = PBXBuildFile; fileRef = 0180BDDF27DA5DD3004B161E /* CheckInTableViewCell.swift */; };
		0180BDE227DA5DD3004B161E /* CheckInTableViewCell.xib in Resources */ = {isa = PBXBuildFile; fileRef = 0180BDE027DA5DD3004B161E /* CheckInTableViewCell.xib */; };
		0180BDE527DA613C004B161E /* OtherUnitsTableViewCell.swift in Sources */ = {isa = PBXBuildFile; fileRef = 0180BDE327DA613C004B161E /* OtherUnitsTableViewCell.swift */; };
		0180BDE627DA613C004B161E /* OtherUnitsTableViewCell.xib in Resources */ = {isa = PBXBuildFile; fileRef = 0180BDE427DA613C004B161E /* OtherUnitsTableViewCell.xib */; };
		0180BDE927DAA2B8004B161E /* FooterTableViewCell.swift in Sources */ = {isa = PBXBuildFile; fileRef = 0180BDE727DAA2B8004B161E /* FooterTableViewCell.swift */; };
		0180BDEA27DAA2B8004B161E /* FooterTableViewCell.xib in Resources */ = {isa = PBXBuildFile; fileRef = 0180BDE827DAA2B8004B161E /* FooterTableViewCell.xib */; };
		01E7A54F27DDD2950050E3A0 /* AreaInfoTableViewCell.swift in Sources */ = {isa = PBXBuildFile; fileRef = 01E7A54D27DDD2950050E3A0 /* AreaInfoTableViewCell.swift */; };
		01E7A55027DDD2950050E3A0 /* AreaInfoTableViewCell.xib in Resources */ = {isa = PBXBuildFile; fileRef = 01E7A54E27DDD2950050E3A0 /* AreaInfoTableViewCell.xib */; };
		01F5D69127CBA51100E1CA0D /* MainTableViewController.swift in Sources */ = {isa = PBXBuildFile; fileRef = 01F5D69027CBA51100E1CA0D /* MainTableViewController.swift */; };
		01F5D69327CBC55D00E1CA0D /* MainTableViewCell.swift in Sources */ = {isa = PBXBuildFile; fileRef = 01F5D69227CBC55D00E1CA0D /* MainTableViewCell.swift */; };
		01F5D69827CBD71900E1CA0D /* LibreBaskerville-Italic.ttf in Resources */ = {isa = PBXBuildFile; fileRef = 01F5D69527CBCF4000E1CA0D /* LibreBaskerville-Italic.ttf */; };
		01F5D69927CBD71C00E1CA0D /* LibreBaskerville-Bold.ttf in Resources */ = {isa = PBXBuildFile; fileRef = 01F5D69627CBCF4000E1CA0D /* LibreBaskerville-Bold.ttf */; };
		01F5D69A27CBD71F00E1CA0D /* LibreBaskerville-Regular.ttf in Resources */ = {isa = PBXBuildFile; fileRef = 01F5D69727CBCF4000E1CA0D /* LibreBaskerville-Regular.ttf */; };
		01F5D69D27CBE24C00E1CA0D /* MainHeaderView.swift in Sources */ = {isa = PBXBuildFile; fileRef = 01F5D69C27CBE24C00E1CA0D /* MainHeaderView.swift */; };
		01F5D69F27CBE2DD00E1CA0D /* MainHeaderView.xib in Resources */ = {isa = PBXBuildFile; fileRef = 01F5D69E27CBE2DD00E1CA0D /* MainHeaderView.xib */; };
		01F5D6A227CC9CD900E1CA0D /* NibView.swift in Sources */ = {isa = PBXBuildFile; fileRef = 01F5D6A127CC9CD900E1CA0D /* NibView.swift */; };
		01F5D6A427CC9CF800E1CA0D /* UIView+.swift in Sources */ = {isa = PBXBuildFile; fileRef = 01F5D6A327CC9CF800E1CA0D /* UIView+.swift */; };
		01F5D6A627CC9D8500E1CA0D /* NSObject+.swift in Sources */ = {isa = PBXBuildFile; fileRef = 01F5D6A527CC9D8500E1CA0D /* NSObject+.swift */; };
		01F5D6A827CCB8F800E1CA0D /* UnitDetailViewController.swift in Sources */ = {isa = PBXBuildFile; fileRef = 01F5D6A727CCB8F800E1CA0D /* UnitDetailViewController.swift */; };
		01F5D6AE27CCC39000E1CA0D /* PageVC.swift in Sources */ = {isa = PBXBuildFile; fileRef = 01F5D6AD27CCC39000E1CA0D /* PageVC.swift */; };
		01F5D6B027CCCA7F00E1CA0D /* PhotoAlbumPageVC.swift in Sources */ = {isa = PBXBuildFile; fileRef = 01F5D6AF27CCCA7F00E1CA0D /* PhotoAlbumPageVC.swift */; };
/* End PBXBuildFile section */

/* Begin PBXContainerItemProxy section */
		014658CF27CB77C60076ECDF /* PBXContainerItemProxy */ = {
			isa = PBXContainerItemProxy;
			containerPortal = 014658AD27CB77C50076ECDF /* Project object */;
			proxyType = 1;
			remoteGlobalIDString = 014658B427CB77C50076ECDF;
			remoteInfo = FarmhouseFavorites;
		};
		014658D927CB77C60076ECDF /* PBXContainerItemProxy */ = {
			isa = PBXContainerItemProxy;
			containerPortal = 014658AD27CB77C50076ECDF /* Project object */;
			proxyType = 1;
			remoteGlobalIDString = 014658B427CB77C50076ECDF;
			remoteInfo = FarmhouseFavorites;
		};
/* End PBXContainerItemProxy section */

/* Begin PBXFileReference section */
		0123D65627D4D79C00D574BE /* DetailInfoTableViewCell.swift */ = {isa = PBXFileReference; lastKnownFileType = sourcecode.swift; path = DetailInfoTableViewCell.swift; sourceTree = "<group>"; };
		0123D65727D4D79C00D574BE /* DetailInfoTableViewCell.xib */ = {isa = PBXFileReference; lastKnownFileType = file.xib; path = DetailInfoTableViewCell.xib; sourceTree = "<group>"; };
		0123D66227D505E900D574BE /* MenuTableViewController.swift */ = {isa = PBXFileReference; lastKnownFileType = sourcecode.swift; path = MenuTableViewController.swift; sourceTree = "<group>"; };
		0123D66427D5073300D574BE /* MenuTableViewCell.swift */ = {isa = PBXFileReference; lastKnownFileType = sourcecode.swift; path = MenuTableViewCell.swift; sourceTree = "<group>"; };
		0123D66627D50FF600D574BE /* UIStackView+.swift */ = {isa = PBXFileReference; lastKnownFileType = sourcecode.swift; path = "UIStackView+.swift"; sourceTree = "<group>"; };
		014658B527CB77C50076ECDF /* FarmhouseFavorites.app */ = {isa = PBXFileReference; explicitFileType = wrapper.application; includeInIndex = 0; path = FarmhouseFavorites.app; sourceTree = BUILT_PRODUCTS_DIR; };
		014658B827CB77C50076ECDF /* AppDelegate.swift */ = {isa = PBXFileReference; lastKnownFileType = sourcecode.swift; path = AppDelegate.swift; sourceTree = "<group>"; };
		014658BA27CB77C50076ECDF /* SceneDelegate.swift */ = {isa = PBXFileReference; lastKnownFileType = sourcecode.swift; path = SceneDelegate.swift; sourceTree = "<group>"; };
		014658BF27CB77C50076ECDF /* Base */ = {isa = PBXFileReference; lastKnownFileType = file.storyboard; name = Base; path = Base.lproj/Main.storyboard; sourceTree = "<group>"; };
		014658C227CB77C50076ECDF /* FarmhouseFavorites.xcdatamodel */ = {isa = PBXFileReference; lastKnownFileType = wrapper.xcdatamodel; path = FarmhouseFavorites.xcdatamodel; sourceTree = "<group>"; };
		014658C427CB77C60076ECDF /* Assets.xcassets */ = {isa = PBXFileReference; lastKnownFileType = folder.assetcatalog; path = Assets.xcassets; sourceTree = "<group>"; };
		014658C727CB77C60076ECDF /* Base */ = {isa = PBXFileReference; lastKnownFileType = file.storyboard; name = Base; path = Base.lproj/LaunchScreen.storyboard; sourceTree = "<group>"; };
		014658C927CB77C60076ECDF /* Info.plist */ = {isa = PBXFileReference; lastKnownFileType = text.plist.xml; path = Info.plist; sourceTree = "<group>"; };
		014658CE27CB77C60076ECDF /* FarmhouseFavoritesTests.xctest */ = {isa = PBXFileReference; explicitFileType = wrapper.cfbundle; includeInIndex = 0; path = FarmhouseFavoritesTests.xctest; sourceTree = BUILT_PRODUCTS_DIR; };
		014658D227CB77C60076ECDF /* FarmhouseFavoritesTests.swift */ = {isa = PBXFileReference; lastKnownFileType = sourcecode.swift; path = FarmhouseFavoritesTests.swift; sourceTree = "<group>"; };
		014658D827CB77C60076ECDF /* FarmhouseFavoritesUITests.xctest */ = {isa = PBXFileReference; explicitFileType = wrapper.cfbundle; includeInIndex = 0; path = FarmhouseFavoritesUITests.xctest; sourceTree = BUILT_PRODUCTS_DIR; };
		014658DC27CB77C60076ECDF /* FarmhouseFavoritesUITests.swift */ = {isa = PBXFileReference; lastKnownFileType = sourcecode.swift; path = FarmhouseFavoritesUITests.swift; sourceTree = "<group>"; };
		014658DE27CB77C60076ECDF /* FarmhouseFavoritesUITestsLaunchTests.swift */ = {isa = PBXFileReference; lastKnownFileType = sourcecode.swift; path = FarmhouseFavoritesUITestsLaunchTests.swift; sourceTree = "<group>"; };
		0158E5CC27CFEC4300748725 /* UnitDetailTableViewController.swift */ = {isa = PBXFileReference; lastKnownFileType = sourcecode.swift; path = UnitDetailTableViewController.swift; sourceTree = "<group>"; };
		016FD0CA27D52818008A921B /* ReserveViewController.swift */ = {isa = PBXFileReference; lastKnownFileType = sourcecode.swift; path = ReserveViewController.swift; sourceTree = "<group>"; };
		0170360127D0BFC600573664 /* UITableView+.swift */ = {isa = PBXFileReference; lastKnownFileType = sourcecode.swift; path = "UITableView+.swift"; sourceTree = "<group>"; };
		0170360727D0C0D200573664 /* DetailHeaderTableViewCell.swift */ = {isa = PBXFileReference; lastKnownFileType = sourcecode.swift; path = DetailHeaderTableViewCell.swift; sourceTree = "<group>"; };
		0170360827D0C0D200573664 /* DetailHeaderTableViewCell.xib */ = {isa = PBXFileReference; lastKnownFileType = file.xib; path = DetailHeaderTableViewCell.xib; sourceTree = "<group>"; };
		0170360B27D0C8CD00573664 /* DetailTopImagesTableViewCell.swift */ = {isa = PBXFileReference; lastKnownFileType = sourcecode.swift; path = DetailTopImagesTableViewCell.swift; sourceTree = "<group>"; };
		0170360C27D0C8CD00573664 /* DetailTopImagesTableViewCell.xib */ = {isa = PBXFileReference; lastKnownFileType = file.xib; path = DetailTopImagesTableViewCell.xib; sourceTree = "<group>"; };
		0180BDDB27DA59A7004B161E /* SecondImageTableViewCell.swift */ = {isa = PBXFileReference; lastKnownFileType = sourcecode.swift; path = SecondImageTableViewCell.swift; sourceTree = "<group>"; };
		0180BDDC27DA59A7004B161E /* SecondImageTableViewCell.xib */ = {isa = PBXFileReference; lastKnownFileType = file.xib; path = SecondImageTableViewCell.xib; sourceTree = "<group>"; };
		0180BDDF27DA5DD3004B161E /* CheckInTableViewCell.swift */ = {isa = PBXFileReference; lastKnownFileType = sourcecode.swift; path = CheckInTableViewCell.swift; sourceTree = "<group>"; };
		0180BDE027DA5DD3004B161E /* CheckInTableViewCell.xib */ = {isa = PBXFileReference; lastKnownFileType = file.xib; path = CheckInTableViewCell.xib; sourceTree = "<group>"; };
		0180BDE327DA613C004B161E /* OtherUnitsTableViewCell.swift */ = {isa = PBXFileReference; lastKnownFileType = sourcecode.swift; path = OtherUnitsTableViewCell.swift; sourceTree = "<group>"; };
		0180BDE427DA613C004B161E /* OtherUnitsTableViewCell.xib */ = {isa = PBXFileReference; lastKnownFileType = file.xib; path = OtherUnitsTableViewCell.xib; sourceTree = "<group>"; };
		0180BDE727DAA2B8004B161E /* FooterTableViewCell.swift */ = {isa = PBXFileReference; lastKnownFileType = sourcecode.swift; path = FooterTableViewCell.swift; sourceTree = "<group>"; };
		0180BDE827DAA2B8004B161E /* FooterTableViewCell.xib */ = {isa = PBXFileReference; lastKnownFileType = file.xib; path = FooterTableViewCell.xib; sourceTree = "<group>"; };
		01E7A54D27DDD2950050E3A0 /* AreaInfoTableViewCell.swift */ = {isa = PBXFileReference; lastKnownFileType = sourcecode.swift; path = AreaInfoTableViewCell.swift; sourceTree = "<group>"; };
		01E7A54E27DDD2950050E3A0 /* AreaInfoTableViewCell.xib */ = {isa = PBXFileReference; lastKnownFileType = file.xib; path = AreaInfoTableViewCell.xib; sourceTree = "<group>"; };
		01F5D69027CBA51100E1CA0D /* MainTableViewController.swift */ = {isa = PBXFileReference; lastKnownFileType = sourcecode.swift; path = MainTableViewController.swift; sourceTree = "<group>"; };
		01F5D69227CBC55D00E1CA0D /* MainTableViewCell.swift */ = {isa = PBXFileReference; lastKnownFileType = sourcecode.swift; path = MainTableViewCell.swift; sourceTree = "<group>"; };
		01F5D69527CBCF4000E1CA0D /* LibreBaskerville-Italic.ttf */ = {isa = PBXFileReference; lastKnownFileType = file; path = "LibreBaskerville-Italic.ttf"; sourceTree = "<group>"; };
		01F5D69627CBCF4000E1CA0D /* LibreBaskerville-Bold.ttf */ = {isa = PBXFileReference; lastKnownFileType = file; path = "LibreBaskerville-Bold.ttf"; sourceTree = "<group>"; };
		01F5D69727CBCF4000E1CA0D /* LibreBaskerville-Regular.ttf */ = {isa = PBXFileReference; lastKnownFileType = file; path = "LibreBaskerville-Regular.ttf"; sourceTree = "<group>"; };
		01F5D69C27CBE24C00E1CA0D /* MainHeaderView.swift */ = {isa = PBXFileReference; lastKnownFileType = sourcecode.swift; path = MainHeaderView.swift; sourceTree = "<group>"; };
		01F5D69E27CBE2DD00E1CA0D /* MainHeaderView.xib */ = {isa = PBXFileReference; lastKnownFileType = file.xib; path = MainHeaderView.xib; sourceTree = "<group>"; };
		01F5D6A127CC9CD900E1CA0D /* NibView.swift */ = {isa = PBXFileReference; lastKnownFileType = sourcecode.swift; path = NibView.swift; sourceTree = "<group>"; };
		01F5D6A327CC9CF800E1CA0D /* UIView+.swift */ = {isa = PBXFileReference; lastKnownFileType = sourcecode.swift; path = "UIView+.swift"; sourceTree = "<group>"; };
		01F5D6A527CC9D8500E1CA0D /* NSObject+.swift */ = {isa = PBXFileReference; lastKnownFileType = sourcecode.swift; path = "NSObject+.swift"; sourceTree = "<group>"; };
		01F5D6A727CCB8F800E1CA0D /* UnitDetailViewController.swift */ = {isa = PBXFileReference; lastKnownFileType = sourcecode.swift; path = UnitDetailViewController.swift; sourceTree = "<group>"; };
		01F5D6AD27CCC39000E1CA0D /* PageVC.swift */ = {isa = PBXFileReference; lastKnownFileType = sourcecode.swift; path = PageVC.swift; sourceTree = "<group>"; };
		01F5D6AF27CCCA7F00E1CA0D /* PhotoAlbumPageVC.swift */ = {isa = PBXFileReference; lastKnownFileType = sourcecode.swift; path = PhotoAlbumPageVC.swift; sourceTree = "<group>"; };
/* End PBXFileReference section */

/* Begin PBXFrameworksBuildPhase section */
		014658B227CB77C50076ECDF /* Frameworks */ = {
			isa = PBXFrameworksBuildPhase;
			buildActionMask = 2147483647;
			files = (
			);
			runOnlyForDeploymentPostprocessing = 0;
		};
		014658CB27CB77C60076ECDF /* Frameworks */ = {
			isa = PBXFrameworksBuildPhase;
			buildActionMask = 2147483647;
			files = (
			);
			runOnlyForDeploymentPostprocessing = 0;
		};
		014658D527CB77C60076ECDF /* Frameworks */ = {
			isa = PBXFrameworksBuildPhase;
			buildActionMask = 2147483647;
			files = (
			);
			runOnlyForDeploymentPostprocessing = 0;
		};
/* End PBXFrameworksBuildPhase section */

/* Begin PBXGroup section */
		0117D65F27DD014600CE1909 /* Inquire */ = {
			isa = PBXGroup;
			children = (
			);
			path = Inquire;
			sourceTree = "<group>";
		};
		014658AC27CB77C50076ECDF = {
			isa = PBXGroup;
			children = (
				014658B727CB77C50076ECDF /* FarmhouseFavorites */,
				014658D127CB77C60076ECDF /* FarmhouseFavoritesTests */,
				014658DB27CB77C60076ECDF /* FarmhouseFavoritesUITests */,
				014658B627CB77C50076ECDF /* Products */,
			);
			sourceTree = "<group>";
		};
		014658B627CB77C50076ECDF /* Products */ = {
			isa = PBXGroup;
			children = (
				014658B527CB77C50076ECDF /* FarmhouseFavorites.app */,
				014658CE27CB77C60076ECDF /* FarmhouseFavoritesTests.xctest */,
				014658D827CB77C60076ECDF /* FarmhouseFavoritesUITests.xctest */,
			);
			name = Products;
			sourceTree = "<group>";
		};
		014658B727CB77C50076ECDF /* FarmhouseFavorites */ = {
			isa = PBXGroup;
			children = (
				014658B827CB77C50076ECDF /* AppDelegate.swift */,
				014658C427CB77C60076ECDF /* Assets.xcassets */,
				01F5D6AA27CCBAE400E1CA0D /* Data */,
				01F5D6A027CC9CC000E1CA0D /* Extensions */,
				014658C127CB77C50076ECDF /* FarmhouseFavorites.xcdatamodeld */,
				01F5D69427CBCF0E00E1CA0D /* Fonts */,
				014658C927CB77C60076ECDF /* Info.plist */,
				014658C627CB77C60076ECDF /* LaunchScreen.storyboard */,
				014658BE27CB77C50076ECDF /* Main.storyboard */,
				014658BA27CB77C50076ECDF /* SceneDelegate.swift */,
				01F5D68F27CBA4F200E1CA0D /* View Controllers */,
			);
			path = FarmhouseFavorites;
			sourceTree = "<group>";
		};
		014658D127CB77C60076ECDF /* FarmhouseFavoritesTests */ = {
			isa = PBXGroup;
			children = (
				014658D227CB77C60076ECDF /* FarmhouseFavoritesTests.swift */,
			);
			path = FarmhouseFavoritesTests;
			sourceTree = "<group>";
		};
		014658DB27CB77C60076ECDF /* FarmhouseFavoritesUITests */ = {
			isa = PBXGroup;
			children = (
				014658DC27CB77C60076ECDF /* FarmhouseFavoritesUITests.swift */,
				014658DE27CB77C60076ECDF /* FarmhouseFavoritesUITestsLaunchTests.swift */,
			);
			path = FarmhouseFavoritesUITests;
			sourceTree = "<group>";
		};
		016FD0C827D5239A008A921B /* Menu Table */ = {
			isa = PBXGroup;
			children = (
				0123D66427D5073300D574BE /* MenuTableViewCell.swift */,
				0123D66227D505E900D574BE /* MenuTableViewController.swift */,
			);
			path = "Menu Table";
			sourceTree = "<group>";
		};
		016FD0C927D526FD008A921B /* Reserve */ = {
			isa = PBXGroup;
			children = (
				016FD0CA27D52818008A921B /* ReserveViewController.swift */,
			);
			path = Reserve;
			sourceTree = "<group>";
		};
		01F5D68F27CBA4F200E1CA0D /* View Controllers */ = {
			isa = PBXGroup;
			children = (
				0117D65F27DD014600CE1909 /* Inquire */,
				01F5D69B27CBE22D00E1CA0D /* Main */,
				016FD0C827D5239A008A921B /* Menu Table */,
				016FD0C927D526FD008A921B /* Reserve */,
				01F5D6A927CCB90400E1CA0D /* Unit Detail */,
			);
			path = "View Controllers";
			sourceTree = "<group>";
		};
		01F5D69427CBCF0E00E1CA0D /* Fonts */ = {
			isa = PBXGroup;
			children = (
				01F5D69627CBCF4000E1CA0D /* LibreBaskerville-Bold.ttf */,
				01F5D69527CBCF4000E1CA0D /* LibreBaskerville-Italic.ttf */,
				01F5D69727CBCF4000E1CA0D /* LibreBaskerville-Regular.ttf */,
			);
			path = Fonts;
			sourceTree = "<group>";
		};
		01F5D69B27CBE22D00E1CA0D /* Main */ = {
			isa = PBXGroup;
			children = (
				01F5D69027CBA51100E1CA0D /* MainTableViewController.swift */,
				01F5D69227CBC55D00E1CA0D /* MainTableViewCell.swift */,
				01F5D69C27CBE24C00E1CA0D /* MainHeaderView.swift */,
				01F5D69E27CBE2DD00E1CA0D /* MainHeaderView.xib */,
				01E7A54D27DDD2950050E3A0 /* AreaInfoTableViewCell.swift */,
				01E7A54E27DDD2950050E3A0 /* AreaInfoTableViewCell.xib */,
			);
			path = Main;
			sourceTree = "<group>";
		};
		01F5D6A027CC9CC000E1CA0D /* Extensions */ = {
			isa = PBXGroup;
			children = (
				01F5D6A127CC9CD900E1CA0D /* NibView.swift */,
				01F5D6A527CC9D8500E1CA0D /* NSObject+.swift */,
				0170360127D0BFC600573664 /* UITableView+.swift */,
				01F5D6A327CC9CF800E1CA0D /* UIView+.swift */,
				0123D66627D50FF600D574BE /* UIStackView+.swift */,
			);
			path = Extensions;
			sourceTree = "<group>";
		};
		01F5D6A927CCB90400E1CA0D /* Unit Detail */ = {
			isa = PBXGroup;
			children = (
				0180BDDF27DA5DD3004B161E /* CheckInTableViewCell.swift */,
				0180BDE027DA5DD3004B161E /* CheckInTableViewCell.xib */,
				0170360727D0C0D200573664 /* DetailHeaderTableViewCell.swift */,
				0170360827D0C0D200573664 /* DetailHeaderTableViewCell.xib */,
				0123D65627D4D79C00D574BE /* DetailInfoTableViewCell.swift */,
				0123D65727D4D79C00D574BE /* DetailInfoTableViewCell.xib */,
				0170360B27D0C8CD00573664 /* DetailTopImagesTableViewCell.swift */,
				0170360C27D0C8CD00573664 /* DetailTopImagesTableViewCell.xib */,
				0180BDE727DAA2B8004B161E /* FooterTableViewCell.swift */,
				0180BDE827DAA2B8004B161E /* FooterTableViewCell.xib */,
				0180BDE327DA613C004B161E /* OtherUnitsTableViewCell.swift */,
				0180BDE427DA613C004B161E /* OtherUnitsTableViewCell.xib */,
				01F5D6AD27CCC39000E1CA0D /* PageVC.swift */,
				01F5D6AF27CCCA7F00E1CA0D /* PhotoAlbumPageVC.swift */,
				0180BDDB27DA59A7004B161E /* SecondImageTableViewCell.swift */,
				0180BDDC27DA59A7004B161E /* SecondImageTableViewCell.xib */,
				0158E5CC27CFEC4300748725 /* UnitDetailTableViewController.swift */,
				01F5D6A727CCB8F800E1CA0D /* UnitDetailViewController.swift */,
			);
			path = "Unit Detail";
			sourceTree = "<group>";
		};
		01F5D6AA27CCBAE400E1CA0D /* Data */ = {
			isa = PBXGroup;
			children = (
			);
			path = Data;
			sourceTree = "<group>";
		};
/* End PBXGroup section */

/* Begin PBXNativeTarget section */
		014658B427CB77C50076ECDF /* FarmhouseFavorites */ = {
			isa = PBXNativeTarget;
			buildConfigurationList = 014658E227CB77C60076ECDF /* Build configuration list for PBXNativeTarget "FarmhouseFavorites" */;
			buildPhases = (
				014658B127CB77C50076ECDF /* Sources */,
				014658B227CB77C50076ECDF /* Frameworks */,
				014658B327CB77C50076ECDF /* Resources */,
			);
			buildRules = (
			);
			dependencies = (
			);
			name = FarmhouseFavorites;
			productName = FarmhouseFavorites;
			productReference = 014658B527CB77C50076ECDF /* FarmhouseFavorites.app */;
			productType = "com.apple.product-type.application";
		};
		014658CD27CB77C60076ECDF /* FarmhouseFavoritesTests */ = {
			isa = PBXNativeTarget;
			buildConfigurationList = 014658E527CB77C60076ECDF /* Build configuration list for PBXNativeTarget "FarmhouseFavoritesTests" */;
			buildPhases = (
				014658CA27CB77C60076ECDF /* Sources */,
				014658CB27CB77C60076ECDF /* Frameworks */,
				014658CC27CB77C60076ECDF /* Resources */,
			);
			buildRules = (
			);
			dependencies = (
				014658D027CB77C60076ECDF /* PBXTargetDependency */,
			);
			name = FarmhouseFavoritesTests;
			productName = FarmhouseFavoritesTests;
			productReference = 014658CE27CB77C60076ECDF /* FarmhouseFavoritesTests.xctest */;
			productType = "com.apple.product-type.bundle.unit-test";
		};
		014658D727CB77C60076ECDF /* FarmhouseFavoritesUITests */ = {
			isa = PBXNativeTarget;
			buildConfigurationList = 014658E827CB77C60076ECDF /* Build configuration list for PBXNativeTarget "FarmhouseFavoritesUITests" */;
			buildPhases = (
				014658D427CB77C60076ECDF /* Sources */,
				014658D527CB77C60076ECDF /* Frameworks */,
				014658D627CB77C60076ECDF /* Resources */,
			);
			buildRules = (
			);
			dependencies = (
				014658DA27CB77C60076ECDF /* PBXTargetDependency */,
			);
			name = FarmhouseFavoritesUITests;
			productName = FarmhouseFavoritesUITests;
			productReference = 014658D827CB77C60076ECDF /* FarmhouseFavoritesUITests.xctest */;
			productType = "com.apple.product-type.bundle.ui-testing";
		};
/* End PBXNativeTarget section */

/* Begin PBXProject section */
		014658AD27CB77C50076ECDF /* Project object */ = {
			isa = PBXProject;
			attributes = {
				BuildIndependentTargetsInParallel = 1;
				LastSwiftUpdateCheck = 1320;
				LastUpgradeCheck = 1320;
				TargetAttributes = {
					014658B427CB77C50076ECDF = {
						CreatedOnToolsVersion = 13.2.1;
					};
					014658CD27CB77C60076ECDF = {
						CreatedOnToolsVersion = 13.2.1;
						TestTargetID = 014658B427CB77C50076ECDF;
					};
					014658D727CB77C60076ECDF = {
						CreatedOnToolsVersion = 13.2.1;
						TestTargetID = 014658B427CB77C50076ECDF;
					};
				};
			};
			buildConfigurationList = 014658B027CB77C50076ECDF /* Build configuration list for PBXProject "FarmhouseFavorites" */;
			compatibilityVersion = "Xcode 13.0";
			developmentRegion = en;
			hasScannedForEncodings = 0;
			knownRegions = (
				en,
				Base,
			);
			mainGroup = 014658AC27CB77C50076ECDF;
			productRefGroup = 014658B627CB77C50076ECDF /* Products */;
			projectDirPath = "";
			projectRoot = "";
			targets = (
				014658B427CB77C50076ECDF /* FarmhouseFavorites */,
				014658CD27CB77C60076ECDF /* FarmhouseFavoritesTests */,
				014658D727CB77C60076ECDF /* FarmhouseFavoritesUITests */,
			);
		};
/* End PBXProject section */

/* Begin PBXResourcesBuildPhase section */
		014658B327CB77C50076ECDF /* Resources */ = {
			isa = PBXResourcesBuildPhase;
			buildActionMask = 2147483647;
			files = (
				0180BDDE27DA59A7004B161E /* SecondImageTableViewCell.xib in Resources */,
				01F5D69827CBD71900E1CA0D /* LibreBaskerville-Italic.ttf in Resources */,
				0170360E27D0C8CD00573664 /* DetailTopImagesTableViewCell.xib in Resources */,
				0170360A27D0C0D200573664 /* DetailHeaderTableViewCell.xib in Resources */,
				014658C827CB77C60076ECDF /* LaunchScreen.storyboard in Resources */,
				014658C527CB77C60076ECDF /* Assets.xcassets in Resources */,
				0180BDEA27DAA2B8004B161E /* FooterTableViewCell.xib in Resources */,
				01F5D69A27CBD71F00E1CA0D /* LibreBaskerville-Regular.ttf in Resources */,
				0180BDE227DA5DD3004B161E /* CheckInTableViewCell.xib in Resources */,
				01E7A55027DDD2950050E3A0 /* AreaInfoTableViewCell.xib in Resources */,
				0123D65927D4D79C00D574BE /* DetailInfoTableViewCell.xib in Resources */,
				0180BDE627DA613C004B161E /* OtherUnitsTableViewCell.xib in Resources */,
				014658C027CB77C50076ECDF /* Main.storyboard in Resources */,
				01F5D69927CBD71C00E1CA0D /* LibreBaskerville-Bold.ttf in Resources */,
				01F5D69F27CBE2DD00E1CA0D /* MainHeaderView.xib in Resources */,
			);
			runOnlyForDeploymentPostprocessing = 0;
		};
		014658CC27CB77C60076ECDF /* Resources */ = {
			isa = PBXResourcesBuildPhase;
			buildActionMask = 2147483647;
			files = (
			);
			runOnlyForDeploymentPostprocessing = 0;
		};
		014658D627CB77C60076ECDF /* Resources */ = {
			isa = PBXResourcesBuildPhase;
			buildActionMask = 2147483647;
			files = (
			);
			runOnlyForDeploymentPostprocessing = 0;
		};
/* End PBXResourcesBuildPhase section */

/* Begin PBXSourcesBuildPhase section */
		014658B127CB77C50076ECDF /* Sources */ = {
			isa = PBXSourcesBuildPhase;
			buildActionMask = 2147483647;
			files = (
				014658C327CB77C50076ECDF /* FarmhouseFavorites.xcdatamodeld in Sources */,
				01F5D6AE27CCC39000E1CA0D /* PageVC.swift in Sources */,
				0170360D27D0C8CD00573664 /* DetailTopImagesTableViewCell.swift in Sources */,
				0170360927D0C0D200573664 /* DetailHeaderTableViewCell.swift in Sources */,
				01F5D69D27CBE24C00E1CA0D /* MainHeaderView.swift in Sources */,
				014658B927CB77C50076ECDF /* AppDelegate.swift in Sources */,
				01F5D6A227CC9CD900E1CA0D /* NibView.swift in Sources */,
				0123D66327D505E900D574BE /* MenuTableViewController.swift in Sources */,
				01F5D6B027CCCA7F00E1CA0D /* PhotoAlbumPageVC.swift in Sources */,
				0123D66527D5073300D574BE /* MenuTableViewCell.swift in Sources */,
				0180BDDD27DA59A7004B161E /* SecondImageTableViewCell.swift in Sources */,
				0180BDE527DA613C004B161E /* OtherUnitsTableViewCell.swift in Sources */,
				016FD0CB27D52818008A921B /* ReserveViewController.swift in Sources */,
				01F5D6A627CC9D8500E1CA0D /* NSObject+.swift in Sources */,
				0123D65827D4D79C00D574BE /* DetailInfoTableViewCell.swift in Sources */,
				01F5D69127CBA51100E1CA0D /* MainTableViewController.swift in Sources */,
				01F5D6A427CC9CF800E1CA0D /* UIView+.swift in Sources */,
				0170360227D0BFC600573664 /* UITableView+.swift in Sources */,
				01F5D69327CBC55D00E1CA0D /* MainTableViewCell.swift in Sources */,
				0180BDE927DAA2B8004B161E /* FooterTableViewCell.swift in Sources */,
				014658BB27CB77C50076ECDF /* SceneDelegate.swift in Sources */,
				0158E5CD27CFEC4300748725 /* UnitDetailTableViewController.swift in Sources */,
				01E7A54F27DDD2950050E3A0 /* AreaInfoTableViewCell.swift in Sources */,
				0180BDE127DA5DD3004B161E /* CheckInTableViewCell.swift in Sources */,
				01F5D6A827CCB8F800E1CA0D /* UnitDetailViewController.swift in Sources */,
				0123D66727D50FF600D574BE /* UIStackView+.swift in Sources */,
			);
			runOnlyForDeploymentPostprocessing = 0;
		};
		014658CA27CB77C60076ECDF /* Sources */ = {
			isa = PBXSourcesBuildPhase;
			buildActionMask = 2147483647;
			files = (
				014658D327CB77C60076ECDF /* FarmhouseFavoritesTests.swift in Sources */,
			);
			runOnlyForDeploymentPostprocessing = 0;
		};
		014658D427CB77C60076ECDF /* Sources */ = {
			isa = PBXSourcesBuildPhase;
			buildActionMask = 2147483647;
			files = (
				014658DD27CB77C60076ECDF /* FarmhouseFavoritesUITests.swift in Sources */,
				014658DF27CB77C60076ECDF /* FarmhouseFavoritesUITestsLaunchTests.swift in Sources */,
			);
			runOnlyForDeploymentPostprocessing = 0;
		};
/* End PBXSourcesBuildPhase section */

/* Begin PBXTargetDependency section */
		014658D027CB77C60076ECDF /* PBXTargetDependency */ = {
			isa = PBXTargetDependency;
			target = 014658B427CB77C50076ECDF /* FarmhouseFavorites */;
			targetProxy = 014658CF27CB77C60076ECDF /* PBXContainerItemProxy */;
		};
		014658DA27CB77C60076ECDF /* PBXTargetDependency */ = {
			isa = PBXTargetDependency;
			target = 014658B427CB77C50076ECDF /* FarmhouseFavorites */;
			targetProxy = 014658D927CB77C60076ECDF /* PBXContainerItemProxy */;
		};
/* End PBXTargetDependency section */

/* Begin PBXVariantGroup section */
		014658BE27CB77C50076ECDF /* Main.storyboard */ = {
			isa = PBXVariantGroup;
			children = (
				014658BF27CB77C50076ECDF /* Base */,
			);
			name = Main.storyboard;
			sourceTree = "<group>";
		};
		014658C627CB77C60076ECDF /* LaunchScreen.storyboard */ = {
			isa = PBXVariantGroup;
			children = (
				014658C727CB77C60076ECDF /* Base */,
			);
			name = LaunchScreen.storyboard;
			sourceTree = "<group>";
		};
/* End PBXVariantGroup section */

/* Begin XCBuildConfiguration section */
		014658E027CB77C60076ECDF /* Debug */ = {
			isa = XCBuildConfiguration;
			buildSettings = {
				ALWAYS_SEARCH_USER_PATHS = NO;
				CLANG_ANALYZER_NONNULL = YES;
				CLANG_ANALYZER_NUMBER_OBJECT_CONVERSION = YES_AGGRESSIVE;
				CLANG_CXX_LANGUAGE_STANDARD = "gnu++17";
				CLANG_CXX_LIBRARY = "libc++";
				CLANG_ENABLE_MODULES = YES;
				CLANG_ENABLE_OBJC_ARC = YES;
				CLANG_ENABLE_OBJC_WEAK = YES;
				CLANG_WARN_BLOCK_CAPTURE_AUTORELEASING = YES;
				CLANG_WARN_BOOL_CONVERSION = YES;
				CLANG_WARN_COMMA = YES;
				CLANG_WARN_CONSTANT_CONVERSION = YES;
				CLANG_WARN_DEPRECATED_OBJC_IMPLEMENTATIONS = YES;
				CLANG_WARN_DIRECT_OBJC_ISA_USAGE = YES_ERROR;
				CLANG_WARN_DOCUMENTATION_COMMENTS = YES;
				CLANG_WARN_EMPTY_BODY = YES;
				CLANG_WARN_ENUM_CONVERSION = YES;
				CLANG_WARN_INFINITE_RECURSION = YES;
				CLANG_WARN_INT_CONVERSION = YES;
				CLANG_WARN_NON_LITERAL_NULL_CONVERSION = YES;
				CLANG_WARN_OBJC_IMPLICIT_RETAIN_SELF = YES;
				CLANG_WARN_OBJC_LITERAL_CONVERSION = YES;
				CLANG_WARN_OBJC_ROOT_CLASS = YES_ERROR;
				CLANG_WARN_QUOTED_INCLUDE_IN_FRAMEWORK_HEADER = YES;
				CLANG_WARN_RANGE_LOOP_ANALYSIS = YES;
				CLANG_WARN_STRICT_PROTOTYPES = YES;
				CLANG_WARN_SUSPICIOUS_MOVE = YES;
				CLANG_WARN_UNGUARDED_AVAILABILITY = YES_AGGRESSIVE;
				CLANG_WARN_UNREACHABLE_CODE = YES;
				CLANG_WARN__DUPLICATE_METHOD_MATCH = YES;
				COPY_PHASE_STRIP = NO;
				DEBUG_INFORMATION_FORMAT = dwarf;
				ENABLE_STRICT_OBJC_MSGSEND = YES;
				ENABLE_TESTABILITY = YES;
				GCC_C_LANGUAGE_STANDARD = gnu11;
				GCC_DYNAMIC_NO_PIC = NO;
				GCC_NO_COMMON_BLOCKS = YES;
				GCC_OPTIMIZATION_LEVEL = 0;
				GCC_PREPROCESSOR_DEFINITIONS = (
					"DEBUG=1",
					"$(inherited)",
				);
				GCC_WARN_64_TO_32_BIT_CONVERSION = YES;
				GCC_WARN_ABOUT_RETURN_TYPE = YES_ERROR;
				GCC_WARN_UNDECLARED_SELECTOR = YES;
				GCC_WARN_UNINITIALIZED_AUTOS = YES_AGGRESSIVE;
				GCC_WARN_UNUSED_FUNCTION = YES;
				GCC_WARN_UNUSED_VARIABLE = YES;
				IPHONEOS_DEPLOYMENT_TARGET = 15.2;
				MTL_ENABLE_DEBUG_INFO = INCLUDE_SOURCE;
				MTL_FAST_MATH = YES;
				ONLY_ACTIVE_ARCH = YES;
				SDKROOT = iphoneos;
				SWIFT_ACTIVE_COMPILATION_CONDITIONS = DEBUG;
				SWIFT_OPTIMIZATION_LEVEL = "-Onone";
			};
			name = Debug;
		};
		014658E127CB77C60076ECDF /* Release */ = {
			isa = XCBuildConfiguration;
			buildSettings = {
				ALWAYS_SEARCH_USER_PATHS = NO;
				CLANG_ANALYZER_NONNULL = YES;
				CLANG_ANALYZER_NUMBER_OBJECT_CONVERSION = YES_AGGRESSIVE;
				CLANG_CXX_LANGUAGE_STANDARD = "gnu++17";
				CLANG_CXX_LIBRARY = "libc++";
				CLANG_ENABLE_MODULES = YES;
				CLANG_ENABLE_OBJC_ARC = YES;
				CLANG_ENABLE_OBJC_WEAK = YES;
				CLANG_WARN_BLOCK_CAPTURE_AUTORELEASING = YES;
				CLANG_WARN_BOOL_CONVERSION = YES;
				CLANG_WARN_COMMA = YES;
				CLANG_WARN_CONSTANT_CONVERSION = YES;
				CLANG_WARN_DEPRECATED_OBJC_IMPLEMENTATIONS = YES;
				CLANG_WARN_DIRECT_OBJC_ISA_USAGE = YES_ERROR;
				CLANG_WARN_DOCUMENTATION_COMMENTS = YES;
				CLANG_WARN_EMPTY_BODY = YES;
				CLANG_WARN_ENUM_CONVERSION = YES;
				CLANG_WARN_INFINITE_RECURSION = YES;
				CLANG_WARN_INT_CONVERSION = YES;
				CLANG_WARN_NON_LITERAL_NULL_CONVERSION = YES;
				CLANG_WARN_OBJC_IMPLICIT_RETAIN_SELF = YES;
				CLANG_WARN_OBJC_LITERAL_CONVERSION = YES;
				CLANG_WARN_OBJC_ROOT_CLASS = YES_ERROR;
				CLANG_WARN_QUOTED_INCLUDE_IN_FRAMEWORK_HEADER = YES;
				CLANG_WARN_RANGE_LOOP_ANALYSIS = YES;
				CLANG_WARN_STRICT_PROTOTYPES = YES;
				CLANG_WARN_SUSPICIOUS_MOVE = YES;
				CLANG_WARN_UNGUARDED_AVAILABILITY = YES_AGGRESSIVE;
				CLANG_WARN_UNREACHABLE_CODE = YES;
				CLANG_WARN__DUPLICATE_METHOD_MATCH = YES;
				COPY_PHASE_STRIP = NO;
				DEBUG_INFORMATION_FORMAT = "dwarf-with-dsym";
				ENABLE_NS_ASSERTIONS = NO;
				ENABLE_STRICT_OBJC_MSGSEND = YES;
				GCC_C_LANGUAGE_STANDARD = gnu11;
				GCC_NO_COMMON_BLOCKS = YES;
				GCC_WARN_64_TO_32_BIT_CONVERSION = YES;
				GCC_WARN_ABOUT_RETURN_TYPE = YES_ERROR;
				GCC_WARN_UNDECLARED_SELECTOR = YES;
				GCC_WARN_UNINITIALIZED_AUTOS = YES_AGGRESSIVE;
				GCC_WARN_UNUSED_FUNCTION = YES;
				GCC_WARN_UNUSED_VARIABLE = YES;
				IPHONEOS_DEPLOYMENT_TARGET = 15.2;
				MTL_ENABLE_DEBUG_INFO = NO;
				MTL_FAST_MATH = YES;
				SDKROOT = iphoneos;
				SWIFT_COMPILATION_MODE = wholemodule;
				SWIFT_OPTIMIZATION_LEVEL = "-O";
				VALIDATE_PRODUCT = YES;
			};
			name = Release;
		};
		014658E327CB77C60076ECDF /* Debug */ = {
			isa = XCBuildConfiguration;
			buildSettings = {
				ASSETCATALOG_COMPILER_APPICON_NAME = AppIcon;
				ASSETCATALOG_COMPILER_GLOBAL_ACCENT_COLOR_NAME = AccentColor;
				CODE_SIGN_IDENTITY = "Apple Development";
				CODE_SIGN_STYLE = Automatic;
				CURRENT_PROJECT_VERSION = 7;
				DEVELOPMENT_TEAM = KCL29RH4A8;
				GENERATE_INFOPLIST_FILE = YES;
				INFOPLIST_FILE = FarmhouseFavorites/Info.plist;
				INFOPLIST_KEY_CFBundleDisplayName = "Farmhouse 1604";
				INFOPLIST_KEY_UIApplicationSupportsIndirectInputEvents = YES;
				INFOPLIST_KEY_UILaunchStoryboardName = LaunchScreen;
				INFOPLIST_KEY_UIMainStoryboardFile = Main;
				INFOPLIST_KEY_UISupportedInterfaceOrientations_iPad = "UIInterfaceOrientationPortrait UIInterfaceOrientationPortraitUpsideDown UIInterfaceOrientationLandscapeLeft UIInterfaceOrientationLandscapeRight";
				INFOPLIST_KEY_UISupportedInterfaceOrientations_iPhone = "UIInterfaceOrientationPortrait UIInterfaceOrientationLandscapeLeft UIInterfaceOrientationLandscapeRight";
				IPHONEOS_DEPLOYMENT_TARGET = 13.0;
				LD_RUNPATH_SEARCH_PATHS = (
					"$(inherited)",
					"@executable_path/Frameworks",
				);
				MARKETING_VERSION = 1.0;
				PRODUCT_BUNDLE_IDENTIFIER = org.bitwyze.farmhouse1604;
				PRODUCT_NAME = "$(TARGET_NAME)";
				PROVISIONING_PROFILE_SPECIFIER = "";
				SWIFT_EMIT_LOC_STRINGS = YES;
				SWIFT_VERSION = 5.0;
				TARGETED_DEVICE_FAMILY = 1;
			};
			name = Debug;
		};
		014658E427CB77C60076ECDF /* Release */ = {
			isa = XCBuildConfiguration;
			buildSettings = {
				ASSETCATALOG_COMPILER_APPICON_NAME = AppIcon;
				ASSETCATALOG_COMPILER_GLOBAL_ACCENT_COLOR_NAME = AccentColor;
				CODE_SIGN_IDENTITY = "Apple Development";
				CODE_SIGN_STYLE = Automatic;
				CURRENT_PROJECT_VERSION = 7;
				DEVELOPMENT_TEAM = KCL29RH4A8;
				GENERATE_INFOPLIST_FILE = YES;
				INFOPLIST_FILE = FarmhouseFavorites/Info.plist;
				INFOPLIST_KEY_CFBundleDisplayName = "Farmhouse 1604";
				INFOPLIST_KEY_UIApplicationSupportsIndirectInputEvents = YES;
				INFOPLIST_KEY_UILaunchStoryboardName = LaunchScreen;
				INFOPLIST_KEY_UIMainStoryboardFile = Main;
				INFOPLIST_KEY_UISupportedInterfaceOrientations_iPad = "UIInterfaceOrientationPortrait UIInterfaceOrientationPortraitUpsideDown UIInterfaceOrientationLandscapeLeft UIInterfaceOrientationLandscapeRight";
				INFOPLIST_KEY_UISupportedInterfaceOrientations_iPhone = "UIInterfaceOrientationPortrait UIInterfaceOrientationLandscapeLeft UIInterfaceOrientationLandscapeRight";
				IPHONEOS_DEPLOYMENT_TARGET = 13.0;
				LD_RUNPATH_SEARCH_PATHS = (
					"$(inherited)",
					"@executable_path/Frameworks",
				);
				MARKETING_VERSION = 1.0;
				PRODUCT_BUNDLE_IDENTIFIER = org.bitwyze.farmhouse1604;
				PRODUCT_NAME = "$(TARGET_NAME)";
				PROVISIONING_PROFILE_SPECIFIER = "";
				SWIFT_EMIT_LOC_STRINGS = YES;
				SWIFT_VERSION = 5.0;
				TARGETED_DEVICE_FAMILY = 1;
			};
			name = Release;
		};
		014658E627CB77C60076ECDF /* Debug */ = {
			isa = XCBuildConfiguration;
			buildSettings = {
				ALWAYS_EMBED_SWIFT_STANDARD_LIBRARIES = YES;
				BUNDLE_LOADER = "$(TEST_HOST)";
				CODE_SIGN_STYLE = Automatic;
				CURRENT_PROJECT_VERSION = 1;
				DEVELOPMENT_TEAM = GX77HU5247;
				GENERATE_INFOPLIST_FILE = YES;
				IPHONEOS_DEPLOYMENT_TARGET = 15.2;
				MARKETING_VERSION = 1.0;
				PRODUCT_BUNDLE_IDENTIFIER = org.bitwyze.FarmhouseFavoritesTests;
				PRODUCT_NAME = "$(TARGET_NAME)";
				SWIFT_EMIT_LOC_STRINGS = NO;
				SWIFT_VERSION = 5.0;
				TARGETED_DEVICE_FAMILY = "1,2";
				TEST_HOST = "$(BUILT_PRODUCTS_DIR)/FarmhouseFavorites.app/FarmhouseFavorites";
			};
			name = Debug;
		};
		014658E727CB77C60076ECDF /* Release */ = {
			isa = XCBuildConfiguration;
			buildSettings = {
				ALWAYS_EMBED_SWIFT_STANDARD_LIBRARIES = YES;
				BUNDLE_LOADER = "$(TEST_HOST)";
				CODE_SIGN_STYLE = Automatic;
				CURRENT_PROJECT_VERSION = 1;
				DEVELOPMENT_TEAM = GX77HU5247;
				GENERATE_INFOPLIST_FILE = YES;
				IPHONEOS_DEPLOYMENT_TARGET = 15.2;
				MARKETING_VERSION = 1.0;
				PRODUCT_BUNDLE_IDENTIFIER = org.bitwyze.FarmhouseFavoritesTests;
				PRODUCT_NAME = "$(TARGET_NAME)";
				SWIFT_EMIT_LOC_STRINGS = NO;
				SWIFT_VERSION = 5.0;
				TARGETED_DEVICE_FAMILY = "1,2";
				TEST_HOST = "$(BUILT_PRODUCTS_DIR)/FarmhouseFavorites.app/FarmhouseFavorites";
			};
			name = Release;
		};
		014658E927CB77C60076ECDF /* Debug */ = {
			isa = XCBuildConfiguration;
			buildSettings = {
				ALWAYS_EMBED_SWIFT_STANDARD_LIBRARIES = YES;
				CODE_SIGN_STYLE = Automatic;
				CURRENT_PROJECT_VERSION = 1;
				DEVELOPMENT_TEAM = GX77HU5247;
				GENERATE_INFOPLIST_FILE = YES;
				MARKETING_VERSION = 1.0;
				PRODUCT_BUNDLE_IDENTIFIER = org.bitwyze.FarmhouseFavoritesUITests;
				PRODUCT_NAME = "$(TARGET_NAME)";
				SWIFT_EMIT_LOC_STRINGS = NO;
				SWIFT_VERSION = 5.0;
				TARGETED_DEVICE_FAMILY = "1,2";
				TEST_TARGET_NAME = FarmhouseFavorites;
			};
			name = Debug;
		};
		014658EA27CB77C60076ECDF /* Release */ = {
			isa = XCBuildConfiguration;
			buildSettings = {
				ALWAYS_EMBED_SWIFT_STANDARD_LIBRARIES = YES;
				CODE_SIGN_STYLE = Automatic;
				CURRENT_PROJECT_VERSION = 1;
				DEVELOPMENT_TEAM = GX77HU5247;
				GENERATE_INFOPLIST_FILE = YES;
				MARKETING_VERSION = 1.0;
				PRODUCT_BUNDLE_IDENTIFIER = org.bitwyze.FarmhouseFavoritesUITests;
				PRODUCT_NAME = "$(TARGET_NAME)";
				SWIFT_EMIT_LOC_STRINGS = NO;
				SWIFT_VERSION = 5.0;
				TARGETED_DEVICE_FAMILY = "1,2";
				TEST_TARGET_NAME = FarmhouseFavorites;
			};
			name = Release;
		};
/* End XCBuildConfiguration section */

/* Begin XCConfigurationList section */
		014658B027CB77C50076ECDF /* Build configuration list for PBXProject "FarmhouseFavorites" */ = {
			isa = XCConfigurationList;
			buildConfigurations = (
				014658E027CB77C60076ECDF /* Debug */,
				014658E127CB77C60076ECDF /* Release */,
			);
			defaultConfigurationIsVisible = 0;
			defaultConfigurationName = Release;
		};
		014658E227CB77C60076ECDF /* Build configuration list for PBXNativeTarget "FarmhouseFavorites" */ = {
			isa = XCConfigurationList;
			buildConfigurations = (
				014658E327CB77C60076ECDF /* Debug */,
				014658E427CB77C60076ECDF /* Release */,
			);
			defaultConfigurationIsVisible = 0;
			defaultConfigurationName = Release;
		};
		014658E527CB77C60076ECDF /* Build configuration list for PBXNativeTarget "FarmhouseFavoritesTests" */ = {
			isa = XCConfigurationList;
			buildConfigurations = (
				014658E627CB77C60076ECDF /* Debug */,
				014658E727CB77C60076ECDF /* Release */,
			);
			defaultConfigurationIsVisible = 0;
			defaultConfigurationName = Release;
		};
		014658E827CB77C60076ECDF /* Build configuration list for PBXNativeTarget "FarmhouseFavoritesUITests" */ = {
			isa = XCConfigurationList;
			buildConfigurations = (
				014658E927CB77C60076ECDF /* Debug */,
				014658EA27CB77C60076ECDF /* Release */,
			);
			defaultConfigurationIsVisible = 0;
			defaultConfigurationName = Release;
		};
/* End XCConfigurationList section */

/* Begin XCVersionGroup section */
		014658C127CB77C50076ECDF /* FarmhouseFavorites.xcdatamodeld */ = {
			isa = XCVersionGroup;
			children = (
				014658C227CB77C50076ECDF /* FarmhouseFavorites.xcdatamodel */,
			);
			currentVersion = 014658C227CB77C50076ECDF /* FarmhouseFavorites.xcdatamodel */;
			path = FarmhouseFavorites.xcdatamodeld;
			sourceTree = "<group>";
			versionGroupType = wrapper.xcdatamodel;
		};
/* End XCVersionGroup section */
	};
	rootObject = 014658AD27CB77C50076ECDF /* Project object */;
}
